// !$*UTF8*$!
{
	archiveVersion = 1;
	classes = {
	};
	objectVersion = 77;
	objects = {

/* Begin PBXContainerItemProxy section */
		647912432CEBB43D009860D7 /* PBXContainerItemProxy */ = {
			isa = PBXContainerItemProxy;
			containerPortal = 6479122A2CEBB43C009860D7 /* Project object */;
			proxyType = 1;
			remoteGlobalIDString = 647912312CEBB43C009860D7;
			remoteInfo = WordsScramble;
		};
		6479124D2CEBB43D009860D7 /* PBXContainerItemProxy */ = {
			isa = PBXContainerItemProxy;
			containerPortal = 6479122A2CEBB43C009860D7 /* Project object */;
			proxyType = 1;
			remoteGlobalIDString = 647912312CEBB43C009860D7;
			remoteInfo = WordsScramble;
		};
/* End PBXContainerItemProxy section */

/* Begin PBXFileReference section */
		647912322CEBB43C009860D7 /* WordsScramble.app */ = {isa = PBXFileReference; explicitFileType = wrapper.application; includeInIndex = 0; path = WordsScramble.app; sourceTree = BUILT_PRODUCTS_DIR; };
		647912422CEBB43D009860D7 /* WordsScrambleTests.xctest */ = {isa = PBXFileReference; explicitFileType = wrapper.cfbundle; includeInIndex = 0; path = WordsScrambleTests.xctest; sourceTree = BUILT_PRODUCTS_DIR; };
		6479124C2CEBB43D009860D7 /* WordsScrambleUITests.xctest */ = {isa = PBXFileReference; explicitFileType = wrapper.cfbundle; includeInIndex = 0; path = WordsScrambleUITests.xctest; sourceTree = BUILT_PRODUCTS_DIR; };
/* End PBXFileReference section */

/* Begin PBXFileSystemSynchronizedBuildFileExceptionSet section */
		64ED57B02CED7552008D9370 /* Exceptions for "WordsScramble" folder in "WordsScrambleUITests" target */ = {
			isa = PBXFileSystemSynchronizedBuildFileExceptionSet;
			membershipExceptions = (
				start.txt,
			);
			target = 6479124B2CEBB43D009860D7 /* WordsScrambleUITests */;
		};
/* End PBXFileSystemSynchronizedBuildFileExceptionSet section */

/* Begin PBXFileSystemSynchronizedRootGroup section */
		647912342CEBB43C009860D7 /* WordsScramble */ = {
			isa = PBXFileSystemSynchronizedRootGroup;
			exceptions = (
				64ED57B02CED7552008D9370 /* Exceptions for "WordsScramble" folder in "WordsScrambleUITests" target */,
			);
			path = WordsScramble;
			sourceTree = "<group>";
		};
		647912452CEBB43D009860D7 /* WordsScrambleTests */ = {
			isa = PBXFileSystemSynchronizedRootGroup;
			path = WordsScrambleTests;
			sourceTree = "<group>";
		};
		6479124F2CEBB43D009860D7 /* WordsScrambleUITests */ = {
			isa = PBXFileSystemSynchronizedRootGroup;
			path = WordsScrambleUITests;
			sourceTree = "<group>";
		};
/* End PBXFileSystemSynchronizedRootGroup section */

/* Begin PBXFrameworksBuildPhase section */
		6479122F2CEBB43C009860D7 /* Frameworks */ = {
			isa = PBXFrameworksBuildPhase;
			buildActionMask = 2147483647;
			files = (
			);
			runOnlyForDeploymentPostprocessing = 0;
		};
		6479123F2CEBB43D009860D7 /* Frameworks */ = {
			isa = PBXFrameworksBuildPhase;
			buildActionMask = 2147483647;
			files = (
			);
			runOnlyForDeploymentPostprocessing = 0;
		};
		647912492CEBB43D009860D7 /* Frameworks */ = {
			isa = PBXFrameworksBuildPhase;
			buildActionMask = 2147483647;
			files = (
			);
			runOnlyForDeploymentPostprocessing = 0;
		};
/* End PBXFrameworksBuildPhase section */

/* Begin PBXGroup section */
		647912292CEBB43C009860D7 = {
			isa = PBXGroup;
			children = (
				647912342CEBB43C009860D7 /* WordsScramble */,
				647912452CEBB43D009860D7 /* WordsScrambleTests */,
				6479124F2CEBB43D009860D7 /* WordsScrambleUITests */,
				647912332CEBB43C009860D7 /* Products */,
			);
			sourceTree = "<group>";
		};
		647912332CEBB43C009860D7 /* Products */ = {
			isa = PBXGroup;
			children = (
				647912322CEBB43C009860D7 /* WordsScramble.app */,
				647912422CEBB43D009860D7 /* WordsScrambleTests.xctest */,
				6479124C2CEBB43D009860D7 /* WordsScrambleUITests.xctest */,
			);
			name = Products;
			sourceTree = "<group>";
		};
/* End PBXGroup section */

/* Begin PBXNativeTarget section */
		647912312CEBB43C009860D7 /* WordsScramble */ = {
			isa = PBXNativeTarget;
			buildConfigurationList = 647912562CEBB43D009860D7 /* Build configuration list for PBXNativeTarget "WordsScramble" */;
			buildPhases = (
				6479122E2CEBB43C009860D7 /* Sources */,
				6479122F2CEBB43C009860D7 /* Frameworks */,
				647912302CEBB43C009860D7 /* Resources */,
			);
			buildRules = (
			);
			dependencies = (
			);
			fileSystemSynchronizedGroups = (
				647912342CEBB43C009860D7 /* WordsScramble */,
			);
			name = WordsScramble;
			packageProductDependencies = (
			);
			productName = WordsScramble;
			productReference = 647912322CEBB43C009860D7 /* WordsScramble.app */;
			productType = "com.apple.product-type.application";
		};
		647912412CEBB43D009860D7 /* WordsScrambleTests */ = {
			isa = PBXNativeTarget;
			buildConfigurationList = 647912592CEBB43D009860D7 /* Build configuration list for PBXNativeTarget "WordsScrambleTests" */;
			buildPhases = (
				6479123E2CEBB43D009860D7 /* Sources */,
				6479123F2CEBB43D009860D7 /* Frameworks */,
				647912402CEBB43D009860D7 /* Resources */,
			);
			buildRules = (
			);
			dependencies = (
				647912442CEBB43D009860D7 /* PBXTargetDependency */,
			);
			fileSystemSynchronizedGroups = (
				647912452CEBB43D009860D7 /* WordsScrambleTests */,
			);
			name = WordsScrambleTests;
			packageProductDependencies = (
			);
			productName = WordsScrambleTests;
			productReference = 647912422CEBB43D009860D7 /* WordsScrambleTests.xctest */;
			productType = "com.apple.product-type.bundle.unit-test";
		};
		6479124B2CEBB43D009860D7 /* WordsScrambleUITests */ = {
			isa = PBXNativeTarget;
			buildConfigurationList = 6479125C2CEBB43D009860D7 /* Build configuration list for PBXNativeTarget "WordsScrambleUITests" */;
			buildPhases = (
				647912482CEBB43D009860D7 /* Sources */,
				647912492CEBB43D009860D7 /* Frameworks */,
				6479124A2CEBB43D009860D7 /* Resources */,
			);
			buildRules = (
			);
			dependencies = (
				6479124E2CEBB43D009860D7 /* PBXTargetDependency */,
			);
			fileSystemSynchronizedGroups = (
				6479124F2CEBB43D009860D7 /* WordsScrambleUITests */,
			);
			name = WordsScrambleUITests;
			packageProductDependencies = (
			);
			productName = WordsScrambleUITests;
			productReference = 6479124C2CEBB43D009860D7 /* WordsScrambleUITests.xctest */;
			productType = "com.apple.product-type.bundle.ui-testing";
		};
/* End PBXNativeTarget section */

/* Begin PBXProject section */
		6479122A2CEBB43C009860D7 /* Project object */ = {
			isa = PBXProject;
			attributes = {
				BuildIndependentTargetsInParallel = 1;
				LastSwiftUpdateCheck = 1610;
				LastUpgradeCheck = 1610;
				TargetAttributes = {
					647912312CEBB43C009860D7 = {
						CreatedOnToolsVersion = 16.1;
					};
					647912412CEBB43D009860D7 = {
						CreatedOnToolsVersion = 16.1;
						TestTargetID = 647912312CEBB43C009860D7;
					};
					6479124B2CEBB43D009860D7 = {
						CreatedOnToolsVersion = 16.1;
						TestTargetID = 647912312CEBB43C009860D7;
					};
				};
			};
			buildConfigurationList = 6479122D2CEBB43C009860D7 /* Build configuration list for PBXProject "WordsScramble" */;
			developmentRegion = en;
			hasScannedForEncodings = 0;
			knownRegions = (
				en,
				Base,
			);
			mainGroup = 647912292CEBB43C009860D7;
			minimizedProjectReferenceProxies = 1;
			preferredProjectObjectVersion = 77;
			productRefGroup = 647912332CEBB43C009860D7 /* Products */;
			projectDirPath = "";
			projectRoot = "";
			targets = (
				647912312CEBB43C009860D7 /* WordsScramble */,
				647912412CEBB43D009860D7 /* WordsScrambleTests */,
				6479124B2CEBB43D009860D7 /* WordsScrambleUITests */,
			);
		};
/* End PBXProject section */

/* Begin PBXResourcesBuildPhase section */
		647912302CEBB43C009860D7 /* Resources */ = {
			isa = PBXResourcesBuildPhase;
			buildActionMask = 2147483647;
			files = (
			);
			runOnlyForDeploymentPostprocessing = 0;
		};
		647912402CEBB43D009860D7 /* Resources */ = {
			isa = PBXResourcesBuildPhase;
			buildActionMask = 2147483647;
			files = (
			);
			runOnlyForDeploymentPostprocessing = 0;
		};
		6479124A2CEBB43D009860D7 /* Resources */ = {
			isa = PBXResourcesBuildPhase;
			buildActionMask = 2147483647;
			files = (
			);
			runOnlyForDeploymentPostprocessing = 0;
		};
/* End PBXResourcesBuildPhase section */

/* Begin PBXSourcesBuildPhase section */
		6479122E2CEBB43C009860D7 /* Sources */ = {
			isa = PBXSourcesBuildPhase;
			buildActionMask = 2147483647;
			files = (
			);
			runOnlyForDeploymentPostprocessing = 0;
		};
		6479123E2CEBB43D009860D7 /* Sources */ = {
			isa = PBXSourcesBuildPhase;
			buildActionMask = 2147483647;
			files = (
			);
			runOnlyForDeploymentPostprocessing = 0;
		};
		647912482CEBB43D009860D7 /* Sources */ = {
			isa = PBXSourcesBuildPhase;
			buildActionMask = 2147483647;
			files = (
			);
			runOnlyForDeploymentPostprocessing = 0;
		};
/* End PBXSourcesBuildPhase section */

/* Begin PBXTargetDependency section */
		647912442CEBB43D009860D7 /* PBXTargetDependency */ = {
			isa = PBXTargetDependency;
			target = 647912312CEBB43C009860D7 /* WordsScramble */;
			targetProxy = 647912432CEBB43D009860D7 /* PBXContainerItemProxy */;
		};
		6479124E2CEBB43D009860D7 /* PBXTargetDependency */ = {
			isa = PBXTargetDependency;
			target = 647912312CEBB43C009860D7 /* WordsScramble */;
			targetProxy = 6479124D2CEBB43D009860D7 /* PBXContainerItemProxy */;
		};
/* End PBXTargetDependency section */

/* Begin XCBuildConfiguration section */
		647912542CEBB43D009860D7 /* Debug */ = {
			isa = XCBuildConfiguration;
			buildSettings = {
				ALWAYS_SEARCH_USER_PATHS = NO;
				ASSETCATALOG_COMPILER_GENERATE_SWIFT_ASSET_SYMBOL_EXTENSIONS = YES;
				CLANG_ANALYZER_NONNULL = YES;
				CLANG_ANALYZER_NUMBER_OBJECT_CONVERSION = YES_AGGRESSIVE;
				CLANG_CXX_LANGUAGE_STANDARD = "gnu++20";
				CLANG_ENABLE_MODULES = YES;
				CLANG_ENABLE_OBJC_ARC = YES;
				CLANG_ENABLE_OBJC_WEAK = YES;
				CLANG_WARN_BLOCK_CAPTURE_AUTORELEASING = YES;
				CLANG_WARN_BOOL_CONVERSION = YES;
				CLANG_WARN_COMMA = YES;
				CLANG_WARN_CONSTANT_CONVERSION = YES;
				CLANG_WARN_DEPRECATED_OBJC_IMPLEMENTATIONS = YES;
				CLANG_WARN_DIRECT_OBJC_ISA_USAGE = YES_ERROR;
				CLANG_WARN_DOCUMENTATION_COMMENTS = YES;
				CLANG_WARN_EMPTY_BODY = YES;
				CLANG_WARN_ENUM_CONVERSION = YES;
				CLANG_WARN_INFINITE_RECURSION = YES;
				CLANG_WARN_INT_CONVERSION = YES;
				CLANG_WARN_NON_LITERAL_NULL_CONVERSION = YES;
				CLANG_WARN_OBJC_IMPLICIT_RETAIN_SELF = YES;
				CLANG_WARN_OBJC_LITERAL_CONVERSION = YES;
				CLANG_WARN_OBJC_ROOT_CLASS = YES_ERROR;
				CLANG_WARN_QUOTED_INCLUDE_IN_FRAMEWORK_HEADER = YES;
				CLANG_WARN_RANGE_LOOP_ANALYSIS = YES;
				CLANG_WARN_STRICT_PROTOTYPES = YES;
				CLANG_WARN_SUSPICIOUS_MOVE = YES;
				CLANG_WARN_UNGUARDED_AVAILABILITY = YES_AGGRESSIVE;
				CLANG_WARN_UNREACHABLE_CODE = YES;
				CLANG_WARN__DUPLICATE_METHOD_MATCH = YES;
				COPY_PHASE_STRIP = NO;
				DEBUG_INFORMATION_FORMAT = dwarf;
				ENABLE_STRICT_OBJC_MSGSEND = YES;
				ENABLE_TESTABILITY = YES;
				ENABLE_USER_SCRIPT_SANDBOXING = YES;
				GCC_C_LANGUAGE_STANDARD = gnu17;
				GCC_DYNAMIC_NO_PIC = NO;
				GCC_NO_COMMON_BLOCKS = YES;
				GCC_OPTIMIZATION_LEVEL = 0;
				GCC_PREPROCESSOR_DEFINITIONS = (
					"DEBUG=1",
					"$(inherited)",
				);
				GCC_WARN_64_TO_32_BIT_CONVERSION = YES;
				GCC_WARN_ABOUT_RETURN_TYPE = YES_ERROR;
				GCC_WARN_UNDECLARED_SELECTOR = YES;
				GCC_WARN_UNINITIALIZED_AUTOS = YES_AGGRESSIVE;
				GCC_WARN_UNUSED_FUNCTION = YES;
				GCC_WARN_UNUSED_VARIABLE = YES;
				IPHONEOS_DEPLOYMENT_TARGET = 18.1;
				LOCALIZATION_PREFERS_STRING_CATALOGS = YES;
				MTL_ENABLE_DEBUG_INFO = INCLUDE_SOURCE;
				MTL_FAST_MATH = YES;
				ONLY_ACTIVE_ARCH = YES;
				SDKROOT = iphoneos;
				SWIFT_ACTIVE_COMPILATION_CONDITIONS = "DEBUG $(inherited)";
				SWIFT_OPTIMIZATION_LEVEL = "-Onone";
			};
			name = Debug;
		};
		647912552CEBB43D009860D7 /* Release */ = {
			isa = XCBuildConfiguration;
			buildSettings = {
				ALWAYS_SEARCH_USER_PATHS = NO;
				ASSETCATALOG_COMPILER_GENERATE_SWIFT_ASSET_SYMBOL_EXTENSIONS = YES;
				CLANG_ANALYZER_NONNULL = YES;
				CLANG_ANALYZER_NUMBER_OBJECT_CONVERSION = YES_AGGRESSIVE;
				CLANG_CXX_LANGUAGE_STANDARD = "gnu++20";
				CLANG_ENABLE_MODULES = YES;
				CLANG_ENABLE_OBJC_ARC = YES;
				CLANG_ENABLE_OBJC_WEAK = YES;
				CLANG_WARN_BLOCK_CAPTURE_AUTORELEASING = YES;
				CLANG_WARN_BOOL_CONVERSION = YES;
				CLANG_WARN_COMMA = YES;
				CLANG_WARN_CONSTANT_CONVERSION = YES;
				CLANG_WARN_DEPRECATED_OBJC_IMPLEMENTATIONS = YES;
				CLANG_WARN_DIRECT_OBJC_ISA_USAGE = YES_ERROR;
				CLANG_WARN_DOCUMENTATION_COMMENTS = YES;
				CLANG_WARN_EMPTY_BODY = YES;
				CLANG_WARN_ENUM_CONVERSION = YES;
				CLANG_WARN_INFINITE_RECURSION = YES;
				CLANG_WARN_INT_CONVERSION = YES;
				CLANG_WARN_NON_LITERAL_NULL_CONVERSION = YES;
				CLANG_WARN_OBJC_IMPLICIT_RETAIN_SELF = YES;
				CLANG_WARN_OBJC_LITERAL_CONVERSION = YES;
				CLANG_WARN_OBJC_ROOT_CLASS = YES_ERROR;
				CLANG_WARN_QUOTED_INCLUDE_IN_FRAMEWORK_HEADER = YES;
				CLANG_WARN_RANGE_LOOP_ANALYSIS = YES;
				CLANG_WARN_STRICT_PROTOTYPES = YES;
				CLANG_WARN_SUSPICIOUS_MOVE = YES;
				CLANG_WARN_UNGUARDED_AVAILABILITY = YES_AGGRESSIVE;
				CLANG_WARN_UNREACHABLE_CODE = YES;
				CLANG_WARN__DUPLICATE_METHOD_MATCH = YES;
				COPY_PHASE_STRIP = NO;
				DEBUG_INFORMATION_FORMAT = "dwarf-with-dsym";
				ENABLE_NS_ASSERTIONS = NO;
				ENABLE_STRICT_OBJC_MSGSEND = YES;
				ENABLE_USER_SCRIPT_SANDBOXING = YES;
				GCC_C_LANGUAGE_STANDARD = gnu17;
				GCC_NO_COMMON_BLOCKS = YES;
				GCC_WARN_64_TO_32_BIT_CONVERSION = YES;
				GCC_WARN_ABOUT_RETURN_TYPE = YES_ERROR;
				GCC_WARN_UNDECLARED_SELECTOR = YES;
				GCC_WARN_UNINITIALIZED_AUTOS = YES_AGGRESSIVE;
				GCC_WARN_UNUSED_FUNCTION = YES;
				GCC_WARN_UNUSED_VARIABLE = YES;
				IPHONEOS_DEPLOYMENT_TARGET = 18.1;
				LOCALIZATION_PREFERS_STRING_CATALOGS = YES;
				MTL_ENABLE_DEBUG_INFO = NO;
				MTL_FAST_MATH = YES;
				SDKROOT = iphoneos;
				SWIFT_COMPILATION_MODE = wholemodule;
				VALIDATE_PRODUCT = YES;
			};
			name = Release;
		};
		647912572CEBB43D009860D7 /* Debug */ = {
			isa = XCBuildConfiguration;
			buildSettings = {
				ASSETCATALOG_COMPILER_APPICON_NAME = AppIcon;
				ASSETCATALOG_COMPILER_GLOBAL_ACCENT_COLOR_NAME = AccentColor;
				CODE_SIGN_STYLE = Automatic;
				CURRENT_PROJECT_VERSION = 1;
				DEVELOPMENT_ASSET_PATHS = "\"WordsScramble/Preview Content\"";
				ENABLE_PREVIEWS = YES;
				GENERATE_INFOPLIST_FILE = YES;
				INFOPLIST_KEY_UIApplicationSceneManifest_Generation = YES;
				INFOPLIST_KEY_UIApplicationSupportsIndirectInputEvents = YES;
				INFOPLIST_KEY_UILaunchScreen_Generation = YES;
				INFOPLIST_KEY_UISupportedInterfaceOrientations_iPad = "UIInterfaceOrientationPortrait UIInterfaceOrientationPortraitUpsideDown UIInterfaceOrientationLandscapeLeft UIInterfaceOrientationLandscapeRight";
				INFOPLIST_KEY_UISupportedInterfaceOrientations_iPhone = "UIInterfaceOrientationPortrait UIInterfaceOrientationLandscapeLeft UIInterfaceOrientationLandscapeRight";
				LD_RUNPATH_SEARCH_PATHS = (
					"$(inherited)",
					"@executable_path/Frameworks",
				);
				MARKETING_VERSION = 1.0;
				PRODUCT_BUNDLE_IDENTIFIER = "edgardo.avalencia-icloud.com.WordsScramble";
				PRODUCT_NAME = "$(TARGET_NAME)";
				SWIFT_EMIT_LOC_STRINGS = YES;
				SWIFT_VERSION = 5.0;
				TARGETED_DEVICE_FAMILY = "1,2";
			};
			name = Debug;
		};
		647912582CEBB43D009860D7 /* Release */ = {
			isa = XCBuildConfiguration;
			buildSettings = {
				ASSETCATALOG_COMPILER_APPICON_NAME = AppIcon;
				ASSETCATALOG_COMPILER_GLOBAL_ACCENT_COLOR_NAME = AccentColor;
				CODE_SIGN_STYLE = Automatic;
				CURRENT_PROJECT_VERSION = 1;
				DEVELOPMENT_ASSET_PATHS = "\"WordsScramble/Preview Content\"";
				ENABLE_PREVIEWS = YES;
				GENERATE_INFOPLIST_FILE = YES;
				INFOPLIST_KEY_UIApplicationSceneManifest_Generation = YES;
				INFOPLIST_KEY_UIApplicationSupportsIndirectInputEvents = YES;
				INFOPLIST_KEY_UILaunchScreen_Generation = YES;
				INFOPLIST_KEY_UISupportedInterfaceOrientations_iPad = "UIInterfaceOrientationPortrait UIInterfaceOrientationPortraitUpsideDown UIInterfaceOrientationLandscapeLeft UIInterfaceOrientationLandscapeRight";
				INFOPLIST_KEY_UISupportedInterfaceOrientations_iPhone = "UIInterfaceOrientationPortrait UIInterfaceOrientationLandscapeLeft UIInterfaceOrientationLandscapeRight";
				LD_RUNPATH_SEARCH_PATHS = (
					"$(inherited)",
					"@executable_path/Frameworks",
				);
				MARKETING_VERSION = 1.0;
				PRODUCT_BUNDLE_IDENTIFIER = "edgardo.avalencia-icloud.com.WordsScramble";
				PRODUCT_NAME = "$(TARGET_NAME)";
				SWIFT_EMIT_LOC_STRINGS = YES;
				SWIFT_VERSION = 5.0;
				TARGETED_DEVICE_FAMILY = "1,2";
			};
			name = Release;
		};
		6479125A2CEBB43D009860D7 /* Debug */ = {
			isa = XCBuildConfiguration;
			buildSettings = {
				BUNDLE_LOADER = "$(TEST_HOST)";
				CODE_SIGN_STYLE = Automatic;
				CURRENT_PROJECT_VERSION = 1;
				GENERATE_INFOPLIST_FILE = YES;
				IPHONEOS_DEPLOYMENT_TARGET = 18.1;
				MARKETING_VERSION = 1.0;
				PRODUCT_BUNDLE_IDENTIFIER = "edgardo.avalencia-icloud.com.WordsScrambleTests";
				PRODUCT_NAME = "$(TARGET_NAME)";
				SWIFT_EMIT_LOC_STRINGS = NO;
				SWIFT_VERSION = 5.0;
				TARGETED_DEVICE_FAMILY = "1,2";
				TEST_HOST = "$(BUILT_PRODUCTS_DIR)/WordsScramble.app/$(BUNDLE_EXECUTABLE_FOLDER_PATH)/WordsScramble";
			};
			name = Debug;
		};
		6479125B2CEBB43D009860D7 /* Release */ = {
			isa = XCBuildConfiguration;
			buildSettings = {
				BUNDLE_LOADER = "$(TEST_HOST)";
				CODE_SIGN_STYLE = Automatic;
				CURRENT_PROJECT_VERSION = 1;
				GENERATE_INFOPLIST_FILE = YES;
				IPHONEOS_DEPLOYMENT_TARGET = 18.1;
				MARKETING_VERSION = 1.0;
				PRODUCT_BUNDLE_IDENTIFIER = "edgardo.avalencia-icloud.com.WordsScrambleTests";
				PRODUCT_NAME = "$(TARGET_NAME)";
				SWIFT_EMIT_LOC_STRINGS = NO;
				SWIFT_VERSION = 5.0;
				TARGETED_DEVICE_FAMILY = "1,2";
				TEST_HOST = "$(BUILT_PRODUCTS_DIR)/WordsScramble.app/$(BUNDLE_EXECUTABLE_FOLDER_PATH)/WordsScramble";
			};
			name = Release;
		};
		6479125D2CEBB43D009860D7 /* Debug */ = {
			isa = XCBuildConfiguration;
			buildSettings = {
				CODE_SIGN_STYLE = Automatic;
				CURRENT_PROJECT_VERSION = 1;
				GENERATE_INFOPLIST_FILE = YES;
				MARKETING_VERSION = 1.0;
				PRODUCT_BUNDLE_IDENTIFIER = "edgardo.avalencia-icloud.com.WordsScrambleUITests";
				PRODUCT_NAME = "$(TARGET_NAME)";
				SWIFT_EMIT_LOC_STRINGS = NO;
				SWIFT_VERSION = 5.0;
				TARGETED_DEVICE_FAMILY = "1,2";
				TEST_TARGET_NAME = WordsScramble;
			};
			name = Debug;
		};
		6479125E2CEBB43D009860D7 /* Release */ = {
			isa = XCBuildConfiguration;
			buildSettings = {
				CODE_SIGN_STYLE = Automatic;
				CURRENT_PROJECT_VERSION = 1;
				GENERATE_INFOPLIST_FILE = YES;
				MARKETING_VERSION = 1.0;
				PRODUCT_BUNDLE_IDENTIFIER = "edgardo.avalencia-icloud.com.WordsScrambleUITests";
				PRODUCT_NAME = "$(TARGET_NAME)";
				SWIFT_EMIT_LOC_STRINGS = NO;
				SWIFT_VERSION = 5.0;
				TARGETED_DEVICE_FAMILY = "1,2";
				TEST_TARGET_NAME = WordsScramble;
			};
			name = Release;
		};
/* End XCBuildConfiguration section */

/* Begin XCConfigurationList section */
		6479122D2CEBB43C009860D7 /* Build configuration list for PBXProject "WordsScramble" */ = {
			isa = XCConfigurationList;
			buildConfigurations = (
				647912542CEBB43D009860D7 /* Debug */,
				647912552CEBB43D009860D7 /* Release */,
			);
			defaultConfigurationIsVisible = 0;
			defaultConfigurationName = Release;
		};
		647912562CEBB43D009860D7 /* Build configuration list for PBXNativeTarget "WordsScramble" */ = {
			isa = XCConfigurationList;
			buildConfigurations = (
				647912572CEBB43D009860D7 /* Debug */,
				647912582CEBB43D009860D7 /* Release */,
			);
			defaultConfigurationIsVisible = 0;
			defaultConfigurationName = Release;
		};
		647912592CEBB43D009860D7 /* Build configuration list for PBXNativeTarget "WordsScrambleTests" */ = {
			isa = XCConfigurationList;
			buildConfigurations = (
				6479125A2CEBB43D009860D7 /* Debug */,
				6479125B2CEBB43D009860D7 /* Release */,
			);
			defaultConfigurationIsVisible = 0;
			defaultConfigurationName = Release;
		};
		6479125C2CEBB43D009860D7 /* Build configuration list for PBXNativeTarget "WordsScrambleUITests" */ = {
			isa = XCConfigurationList;
			buildConfigurations = (
				6479125D2CEBB43D009860D7 /* Debug */,
				6479125E2CEBB43D009860D7 /* Release */,
			);
			defaultConfigurationIsVisible = 0;
			defaultConfigurationName = Release;
		};
/* End XCConfigurationList section */
	};
	rootObject = 6479122A2CEBB43C009860D7 /* Project object */;
}
